{
    "name": "test",
    "lockfileVersion": 2,
    "requires": true,
    "packages": {
        "": {
            "dependencies": {
                "minecraft-loader": "file:../."
            }
        },
        "..": {
            "version": "1.0.0-beta.5",
            "license": "GPL-3.0",
            "dependencies": {
                "7zip-bin": "^5.2.0",
                "node-7z": "^3.0.0",
                "node-fetch": "^2.6.7"
            }
        },
        "node_modules/minecraft-loader": {
            "resolved": "..",
            "link": true
        }
    },
    "dependencies": {
        "minecraft-loader": {
            "version": "file:..",
            "requires": {
                "7zip-bin": "^5.2.0",
                "node-7z": "^3.0.0",
                "node-fetch": "^2.6.7"
            }
        }
    }
}
